
Microsoft Visual Studio Solution File, Format Version 12.00
# Visual Studio 14
VisualStudioVersion = 14.0.25420.1
MinimumVisualStudioVersion = 10.0.40219.1
Project("{FAE04EC0-301F-11D3-BF4B-00C04F79EFBC}") = "BotAgent.Ifrit", "Ifrit\BotAgent.Ifrit.csproj", "{6CC8DF23-305A-4BCA-8A78-1F5E868266E9}"
EndProject
Project("{FAE04EC0-301F-11D3-BF4B-00C04F79EFBC}") = "BotAgent.DataExporter", "BotAgent.DataExporter\BotAgent.DataExporter.csproj", "{5CEC094B-74E5-4BF4-BE73-61F979975E1A}"
EndProject
Global
	GlobalSection(SolutionConfigurationPlatforms) = preSolution
		Debug|Any CPU = Debug|Any CPU
		Release|Any CPU = Release|Any CPU
	EndGlobalSection
	GlobalSection(ProjectConfigurationPlatforms) = postSolution
		{6CC8DF23-305A-4BCA-8A78-1F5E868266E9}.Debug|Any CPU.ActiveCfg = Debug|Any CPU
		{6CC8DF23-305A-4BCA-8A78-1F5E868266E9}.Debug|Any CPU.Build.0 = Debug|Any CPU
		{6CC8DF23-305A-4BCA-8A78-1F5E868266E9}.Release|Any CPU.ActiveCfg = Release|Any CPU
		{6CC8DF23-305A-4BCA-8A78-1F5E868266E9}.Release|Any CPU.Build.0 = Release|Any CPU
		{5CEC094B-74E5-4BF4-BE73-61F979975E1A}.Debug|Any CPU.ActiveCfg = Debug|Any CPU
		{5CEC094B-74E5-4BF4-BE73-61F979975E1A}.Debug|Any CPU.Build.0 = Debug|Any CPU
		{5CEC094B-74E5-4BF4-BE73-61F979975E1A}.Release|Any CPU.ActiveCfg = Release|Any CPU
		{5CEC094B-74E5-4BF4-BE73-61F979975E1A}.Release|Any CPU.Build.0 = Release|Any CPU
	EndGlobalSection
	GlobalSection(SolutionProperties) = preSolution
		HideSolutionNode = FALSE
	EndGlobalSection
EndGlobal
